
Microsoft Visual Studio Solution File, Format Version 12.00
# Visual Studio Version 16
VisualStudioVersion = 16.0.31702.278
MinimumVisualStudioVersion = 10.0.40219.1
Project("{FAE04EC0-301F-11D3-BF4B-00C04F79EFBC}") = "29102021", "29102021\29102021.csproj", "{54F02F43-32CF-4158-85DF-24302B883203}"
EndProject
Global
	GlobalSection(SolutionConfigurationPlatforms) = preSolution
		Debug|Any CPU = Debug|Any CPU
		Release|Any CPU = Release|Any CPU
	EndGlobalSection
	GlobalSection(ProjectConfigurationPlatforms) = postSolution
		{54F02F43-32CF-4158-85DF-24302B883203}.Debug|Any CPU.ActiveCfg = Debug|Any CPU
		{54F02F43-32CF-4158-85DF-24302B883203}.Debug|Any CPU.Build.0 = Debug|Any CPU
		{54F02F43-32CF-4158-85DF-24302B883203}.Release|Any CPU.ActiveCfg = Release|Any CPU
		{54F02F43-32CF-4158-85DF-24302B883203}.Release|Any CPU.Build.0 = Release|Any CPU
	EndGlobalSection
	GlobalSection(SolutionProperties) = preSolution
		HideSolutionNode = FALSE
	EndGlobalSection
	GlobalSection(ExtensibilityGlobals) = postSolution
		SolutionGuid = {A788CBFB-551F-4EF2-942E-C2BA30034DF6}
	EndGlobalSection
EndGlobal
